
Microsoft Visual Studio Solution File, Format Version 12.00
# Visual Studio Version 17
VisualStudioVersion = 17.0.31903.59
MinimumVisualStudioVersion = 10.0.40219.1
Project("{2150E333-8FDC-42A3-9474-1A3956D46DE8}") = "src", "src", "{AA46CF97-72C1-473E-AA96-46D557043AF1}"
EndProject
Project("{2150E333-8FDC-42A3-9474-1A3956D46DE8}") = "apps", "apps", "{D6E302F5-7A3D-4835-B517-D94DDEEA2A9B}"
EndProject
Project("{2150E333-8FDC-42A3-9474-1A3956D46DE8}") = "edge-proxy", "edge-proxy", "{F0CD6938-8F8A-40D1-8100-1D13A3B3688F}"
EndProject
Project("{FAE04EC0-301F-11D3-BF4B-00C04F79EFBC}") = "Umbral.EdgeProxy", "src\apps\edge-proxy\Umbral.EdgeProxy\Umbral.EdgeProxy.csproj", "{9888F7C6-66E6-4050-9BF0-FB919EE6EA84}"
EndProject
Project("{2150E333-8FDC-42A3-9474-1A3956D46DE8}") = "services", "services", "{536D81E8-D696-43F0-8920-2663FAB34F6E}"
EndProject
Project("{2150E333-8FDC-42A3-9474-1A3956D46DE8}") = "mission-management", "mission-management", "{023F1B88-7B7A-44D3-92A4-DDC8C19FDDBA}"
EndProject
Project("{FAE04EC0-301F-11D3-BF4B-00C04F79EFBC}") = "MissionManagement.Api", "src\services\mission-management\MissionManagement.Api\MissionManagement.Api.csproj", "{B41AAE80-5FA5-410B-A05F-7CB39F782EFA}"
EndProject
Project("{FAE04EC0-301F-11D3-BF4B-00C04F79EFBC}") = "MissionManagement.Application", "src\services\mission-management\MissionManagement.Application\MissionManagement.Application.csproj", "{8F4D28D5-87D0-46B1-9932-F7CB0159A31F}"
EndProject
Project("{FAE04EC0-301F-11D3-BF4B-00C04F79EFBC}") = "MissionManagement.Domain", "src\services\mission-management\MissionManagement.Domain\MissionManagement.Domain.csproj", "{14B79BC3-FF3B-42E5-A580-A9329D0A6B76}"
EndProject
Project("{FAE04EC0-301F-11D3-BF4B-00C04F79EFBC}") = "MissionManagement.Infrastructure", "src\services\mission-management\MissionManagement.Infrastructure\MissionManagement.Infrastructure.csproj", "{AF1120C4-AE5A-4154-A294-8F09564E0669}"
EndProject
Project("{2150E333-8FDC-42A3-9474-1A3956D46DE8}") = "scoring-monitoring", "scoring-monitoring", "{EEA345D3-8267-4DD5-B49A-0039D08DCC04}"
EndProject
Project("{FAE04EC0-301F-11D3-BF4B-00C04F79EFBC}") = "ScoringMonitoring.Api", "src\services\scoring-monitoring\ScoringMonitoring.Api\ScoringMonitoring.Api.csproj", "{3FBF498F-44E4-4D5E-A762-92C5466C1679}"
EndProject
Project("{FAE04EC0-301F-11D3-BF4B-00C04F79EFBC}") = "ScoringMonitoring.Application", "src\services\scoring-monitoring\ScoringMonitoring.Application\ScoringMonitoring.Application.csproj", "{698E62C1-E91E-43CE-AF42-A24420F6C2EE}"
EndProject
Project("{FAE04EC0-301F-11D3-BF4B-00C04F79EFBC}") = "ScoringMonitoring.Domain", "src\services\scoring-monitoring\ScoringMonitoring.Domain\ScoringMonitoring.Domain.csproj", "{D532C7EC-4BBE-4ADC-9C93-C345F5427F22}"
EndProject
Project("{FAE04EC0-301F-11D3-BF4B-00C04F79EFBC}") = "ScoringMonitoring.Infrastructure", "src\services\scoring-monitoring\ScoringMonitoring.Infrastructure\ScoringMonitoring.Infrastructure.csproj", "{EAB70862-8888-4374-B437-9114AD1274CD}"
EndProject
Project("{2150E333-8FDC-42A3-9474-1A3956D46DE8}") = "session-management", "session-management", "{F983A58E-E065-4DFC-91BB-F81A53D8293C}"
EndProject
Project("{FAE04EC0-301F-11D3-BF4B-00C04F79EFBC}") = "SessionManagement.Api", "src\services\session-management\SessionManagement.Api\SessionManagement.Api.csproj", "{2975BCBB-C6AD-4417-96BB-2264E1BC9B6D}"
EndProject
Project("{FAE04EC0-301F-11D3-BF4B-00C04F79EFBC}") = "SessionManagement.Application", "src\services\session-management\SessionManagement.Application\SessionManagement.Application.csproj", "{4D54E0B3-D29E-449F-A9DA-DFAB37EA83FC}"
EndProject
Project("{FAE04EC0-301F-11D3-BF4B-00C04F79EFBC}") = "SessionManagement.Domain", "src\services\session-management\SessionManagement.Domain\SessionManagement.Domain.csproj", "{9FAAC6CC-422F-4B44-B3BC-963E28B40A7E}"
EndProject
Project("{FAE04EC0-301F-11D3-BF4B-00C04F79EFBC}") = "SessionManagement.Infrastructure", "src\services\session-management\SessionManagement.Infrastructure\SessionManagement.Infrastructure.csproj", "{2E87B1DE-7053-41BD-AA1B-BC2E30B04FAA}"
EndProject
Project("{2150E333-8FDC-42A3-9474-1A3956D46DE8}") = "user-management", "user-management", "{1F0C66ED-AD18-42E7-BAD1-3661BFFA923B}"
EndProject
Project("{FAE04EC0-301F-11D3-BF4B-00C04F79EFBC}") = "UserManagement.Api", "src\services\user-management\UserManagement.Api\UserManagement.Api.csproj", "{4BE89E25-CC91-44A9-AC14-A2F28BC7ABE4}"
EndProject
Project("{FAE04EC0-301F-11D3-BF4B-00C04F79EFBC}") = "UserManagement.Application", "src\services\user-management\UserManagement.Application\UserManagement.Application.csproj", "{C4E9F8F8-0013-4537-8707-D5BEEA634DDA}"
EndProject
Project("{FAE04EC0-301F-11D3-BF4B-00C04F79EFBC}") = "UserManagement.Domain", "src\services\user-management\UserManagement.Domain\UserManagement.Domain.csproj", "{2E81030D-8A9E-47CC-8C3A-368A3F9D7DE8}"
EndProject
Project("{FAE04EC0-301F-11D3-BF4B-00C04F79EFBC}") = "UserManagement.Infrastructure", "src\services\user-management\UserManagement.Infrastructure\UserManagement.Infrastructure.csproj", "{F810527F-335C-4B2A-9E63-0CAA2F72F00E}"
EndProject
Project("{2150E333-8FDC-42A3-9474-1A3956D46DE8}") = "shared", "shared", "{7C1236AC-48C3-4743-B13E-863AFD825F77}"
EndProject
Project("{FAE04EC0-301F-11D3-BF4B-00C04F79EFBC}") = "Umbral.ServiceDefaults", "src\shared\Umbral.ServiceDefaults\Umbral.ServiceDefaults.csproj", "{61A334A6-1B04-4972-8458-7A1388028B7A}"
EndProject
Project("{2150E333-8FDC-42A3-9474-1A3956D46DE8}") = "tests", "tests", "{B0F10F1A-D692-730C-CF0B-8C179363D92E}"
EndProject
Project("{FAE04EC0-301F-11D3-BF4B-00C04F79EFBC}") = "MissionManagement.UnitTests", "src\services\mission-management\tests\MissionManagement.UnitTests\MissionManagement.UnitTests.csproj", "{0A8DF549-4D99-4086-9BA9-8A0E84D7F052}"
EndProject
Project("{FAE04EC0-301F-11D3-BF4B-00C04F79EFBC}") = "MissionManagement.IntegrationTests", "src\services\mission-management\tests\MissionManagement.IntegrationTests\MissionManagement.IntegrationTests.csproj", "{DC63435E-3B03-4674-B30D-40EB3863AC79}"
EndProject
Project("{2150E333-8FDC-42A3-9474-1A3956D46DE8}") = "tests", "tests", "{A7174907-64C9-F6D8-1781-E5951BEFEBED}"
EndProject
Project("{FAE04EC0-301F-11D3-BF4B-00C04F79EFBC}") = "ScoringMonitoring.UnitTests", "src\services\scoring-monitoring\tests\ScoringMonitoring.UnitTests\ScoringMonitoring.UnitTests.csproj", "{A441740B-9565-422C-9672-902FEF5DD347}"
EndProject
Project("{FAE04EC0-301F-11D3-BF4B-00C04F79EFBC}") = "ScoringMonitoring.IntegrationTests", "src\services\scoring-monitoring\tests\ScoringMonitoring.IntegrationTests\ScoringMonitoring.IntegrationTests.csproj", "{C8985282-2182-47E2-843E-E81BBAF1205B}"
EndProject
Project("{2150E333-8FDC-42A3-9474-1A3956D46DE8}") = "tests", "tests", "{4F0D1DE4-0AB4-7A20-7239-DF885E6F46B9}"
EndProject
Project("{FAE04EC0-301F-11D3-BF4B-00C04F79EFBC}") = "SessionManagement.UnitTests", "src\services\session-management\tests\SessionManagement.UnitTests\SessionManagement.UnitTests.csproj", "{4C9B0D1D-6841-4D1E-9F96-6B5CC039B41E}"
EndProject
Project("{FAE04EC0-301F-11D3-BF4B-00C04F79EFBC}") = "SessionManagement.IntegrationTests", "src\services\session-management\tests\SessionManagement.IntegrationTests\SessionManagement.IntegrationTests.csproj", "{3260075B-71AD-40C7-86DD-A0258ADCD3D2}"
EndProject
Project("{2150E333-8FDC-42A3-9474-1A3956D46DE8}") = "tests", "tests", "{39D2F10F-CEB8-F785-41AF-DE65142A20FA}"
EndProject
Project("{FAE04EC0-301F-11D3-BF4B-00C04F79EFBC}") = "UserManagement.UnitTests", "src\services\user-management\tests\UserManagement.UnitTests\UserManagement.UnitTests.csproj", "{BEA29F03-D469-4313-9443-66ED75CA7247}"
EndProject
Project("{FAE04EC0-301F-11D3-BF4B-00C04F79EFBC}") = "Umbral.ServiceDefaults.UnitTests", "src\shared\Umbral.ServiceDefaults.UnitTests\Umbral.ServiceDefaults.UnitTests.csproj", "{90A9E36D-F23F-4AF3-B148-D7822A6EA89A}"
EndProject
Project("{FAE04EC0-301F-11D3-BF4B-00C04F79EFBC}") = "UserManagement.IntegrationTests", "src\services\user-management\tests\UserManagement.IntegrationTests\UserManagement.IntegrationTests.csproj", "{EE1406D9-599C-4E16-B5E6-F93A3A6DE3A3}"
EndProject
Global
	GlobalSection(SolutionConfigurationPlatforms) = preSolution
		Debug|Any CPU = Debug|Any CPU
		Debug|x64 = Debug|x64
		Debug|x86 = Debug|x86
		Release|Any CPU = Release|Any CPU
		Release|x64 = Release|x64
		Release|x86 = Release|x86
	EndGlobalSection
	GlobalSection(ProjectConfigurationPlatforms) = postSolution
		{9888F7C6-66E6-4050-9BF0-FB919EE6EA84}.Debug|Any CPU.ActiveCfg = Debug|Any CPU
		{9888F7C6-66E6-4050-9BF0-FB919EE6EA84}.Debug|Any CPU.Build.0 = Debug|Any CPU
		{9888F7C6-66E6-4050-9BF0-FB919EE6EA84}.Debug|x64.ActiveCfg = Debug|Any CPU
		{9888F7C6-66E6-4050-9BF0-FB919EE6EA84}.Debug|x64.Build.0 = Debug|Any CPU
		{9888F7C6-66E6-4050-9BF0-FB919EE6EA84}.Debug|x86.ActiveCfg = Debug|Any CPU
		{9888F7C6-66E6-4050-9BF0-FB919EE6EA84}.Debug|x86.Build.0 = Debug|Any CPU
		{9888F7C6-66E6-4050-9BF0-FB919EE6EA84}.Release|Any CPU.ActiveCfg = Release|Any CPU
		{9888F7C6-66E6-4050-9BF0-FB919EE6EA84}.Release|Any CPU.Build.0 = Release|Any CPU
		{9888F7C6-66E6-4050-9BF0-FB919EE6EA84}.Release|x64.ActiveCfg = Release|Any CPU
		{9888F7C6-66E6-4050-9BF0-FB919EE6EA84}.Release|x64.Build.0 = Release|Any CPU
		{9888F7C6-66E6-4050-9BF0-FB919EE6EA84}.Release|x86.ActiveCfg = Release|Any CPU
		{9888F7C6-66E6-4050-9BF0-FB919EE6EA84}.Release|x86.Build.0 = Release|Any CPU
		{B41AAE80-5FA5-410B-A05F-7CB39F782EFA}.Debug|Any CPU.ActiveCfg = Debug|Any CPU
		{B41AAE80-5FA5-410B-A05F-7CB39F782EFA}.Debug|Any CPU.Build.0 = Debug|Any CPU
		{B41AAE80-5FA5-410B-A05F-7CB39F782EFA}.Debug|x64.ActiveCfg = Debug|Any CPU
		{B41AAE80-5FA5-410B-A05F-7CB39F782EFA}.Debug|x64.Build.0 = Debug|Any CPU
		{B41AAE80-5FA5-410B-A05F-7CB39F782EFA}.Debug|x86.ActiveCfg = Debug|Any CPU
		{B41AAE80-5FA5-410B-A05F-7CB39F782EFA}.Debug|x86.Build.0 = Debug|Any CPU
		{B41AAE80-5FA5-410B-A05F-7CB39F782EFA}.Release|Any CPU.ActiveCfg = Release|Any CPU
		{B41AAE80-5FA5-410B-A05F-7CB39F782EFA}.Release|Any CPU.Build.0 = Release|Any CPU
		{B41AAE80-5FA5-410B-A05F-7CB39F782EFA}.Release|x64.ActiveCfg = Release|Any CPU
		{B41AAE80-5FA5-410B-A05F-7CB39F782EFA}.Release|x64.Build.0 = Release|Any CPU
		{B41AAE80-5FA5-410B-A05F-7CB39F782EFA}.Release|x86.ActiveCfg = Release|Any CPU
		{B41AAE80-5FA5-410B-A05F-7CB39F782EFA}.Release|x86.Build.0 = Release|Any CPU
		{8F4D28D5-87D0-46B1-9932-F7CB0159A31F}.Debug|Any CPU.ActiveCfg = Debug|Any CPU
		{8F4D28D5-87D0-46B1-9932-F7CB0159A31F}.Debug|Any CPU.Build.0 = Debug|Any CPU
		{8F4D28D5-87D0-46B1-9932-F7CB0159A31F}.Debug|x64.ActiveCfg = Debug|Any CPU
		{8F4D28D5-87D0-46B1-9932-F7CB0159A31F}.Debug|x64.Build.0 = Debug|Any CPU
		{8F4D28D5-87D0-46B1-9932-F7CB0159A31F}.Debug|x86.ActiveCfg = Debug|Any CPU
		{8F4D28D5-87D0-46B1-9932-F7CB0159A31F}.Debug|x86.Build.0 = Debug|Any CPU
		{8F4D28D5-87D0-46B1-9932-F7CB0159A31F}.Release|Any CPU.ActiveCfg = Release|Any CPU
		{8F4D28D5-87D0-46B1-9932-F7CB0159A31F}.Release|Any CPU.Build.0 = Release|Any CPU
		{8F4D28D5-87D0-46B1-9932-F7CB0159A31F}.Release|x64.ActiveCfg = Release|Any CPU
		{8F4D28D5-87D0-46B1-9932-F7CB0159A31F}.Release|x64.Build.0 = Release|Any CPU
		{8F4D28D5-87D0-46B1-9932-F7CB0159A31F}.Release|x86.ActiveCfg = Release|Any CPU
		{8F4D28D5-87D0-46B1-9932-F7CB0159A31F}.Release|x86.Build.0 = Release|Any CPU
		{14B79BC3-FF3B-42E5-A580-A9329D0A6B76}.Debug|Any CPU.ActiveCfg = Debug|Any CPU
		{14B79BC3-FF3B-42E5-A580-A9329D0A6B76}.Debug|Any CPU.Build.0 = Debug|Any CPU
		{14B79BC3-FF3B-42E5-A580-A9329D0A6B76}.Debug|x64.ActiveCfg = Debug|Any CPU
		{14B79BC3-FF3B-42E5-A580-A9329D0A6B76}.Debug|x64.Build.0 = Debug|Any CPU
		{14B79BC3-FF3B-42E5-A580-A9329D0A6B76}.Debug|x86.ActiveCfg = Debug|Any CPU
		{14B79BC3-FF3B-42E5-A580-A9329D0A6B76}.Debug|x86.Build.0 = Debug|Any CPU
		{14B79BC3-FF3B-42E5-A580-A9329D0A6B76}.Release|Any CPU.ActiveCfg = Release|Any CPU
		{14B79BC3-FF3B-42E5-A580-A9329D0A6B76}.Release|Any CPU.Build.0 = Release|Any CPU
		{14B79BC3-FF3B-42E5-A580-A9329D0A6B76}.Release|x64.ActiveCfg = Release|Any CPU
		{14B79BC3-FF3B-42E5-A580-A9329D0A6B76}.Release|x64.Build.0 = Release|Any CPU
		{14B79BC3-FF3B-42E5-A580-A9329D0A6B76}.Release|x86.ActiveCfg = Release|Any CPU
		{14B79BC3-FF3B-42E5-A580-A9329D0A6B76}.Release|x86.Build.0 = Release|Any CPU
		{AF1120C4-AE5A-4154-A294-8F09564E0669}.Debug|Any CPU.ActiveCfg = Debug|Any CPU
		{AF1120C4-AE5A-4154-A294-8F09564E0669}.Debug|Any CPU.Build.0 = Debug|Any CPU
		{AF1120C4-AE5A-4154-A294-8F09564E0669}.Debug|x64.ActiveCfg = Debug|Any CPU
		{AF1120C4-AE5A-4154-A294-8F09564E0669}.Debug|x64.Build.0 = Debug|Any CPU
		{AF1120C4-AE5A-4154-A294-8F09564E0669}.Debug|x86.ActiveCfg = Debug|Any CPU
		{AF1120C4-AE5A-4154-A294-8F09564E0669}.Debug|x86.Build.0 = Debug|Any CPU
		{AF1120C4-AE5A-4154-A294-8F09564E0669}.Release|Any CPU.ActiveCfg = Release|Any CPU
		{AF1120C4-AE5A-4154-A294-8F09564E0669}.Release|Any CPU.Build.0 = Release|Any CPU
		{AF1120C4-AE5A-4154-A294-8F09564E0669}.Release|x64.ActiveCfg = Release|Any CPU
		{AF1120C4-AE5A-4154-A294-8F09564E0669}.Release|x64.Build.0 = Release|Any CPU
		{AF1120C4-AE5A-4154-A294-8F09564E0669}.Release|x86.ActiveCfg = Release|Any CPU
		{AF1120C4-AE5A-4154-A294-8F09564E0669}.Release|x86.Build.0 = Release|Any CPU
		{3FBF498F-44E4-4D5E-A762-92C5466C1679}.Debug|Any CPU.ActiveCfg = Debug|Any CPU
		{3FBF498F-44E4-4D5E-A762-92C5466C1679}.Debug|Any CPU.Build.0 = Debug|Any CPU
		{3FBF498F-44E4-4D5E-A762-92C5466C1679}.Debug|x64.ActiveCfg = Debug|Any CPU
		{3FBF498F-44E4-4D5E-A762-92C5466C1679}.Debug|x64.Build.0 = Debug|Any CPU
		{3FBF498F-44E4-4D5E-A762-92C5466C1679}.Debug|x86.ActiveCfg = Debug|Any CPU
		{3FBF498F-44E4-4D5E-A762-92C5466C1679}.Debug|x86.Build.0 = Debug|Any CPU
		{3FBF498F-44E4-4D5E-A762-92C5466C1679}.Release|Any CPU.ActiveCfg = Release|Any CPU
		{3FBF498F-44E4-4D5E-A762-92C5466C1679}.Release|Any CPU.Build.0 = Release|Any CPU
		{3FBF498F-44E4-4D5E-A762-92C5466C1679}.Release|x64.ActiveCfg = Release|Any CPU
		{3FBF498F-44E4-4D5E-A762-92C5466C1679}.Release|x64.Build.0 = Release|Any CPU
		{3FBF498F-44E4-4D5E-A762-92C5466C1679}.Release|x86.ActiveCfg = Release|Any CPU
		{3FBF498F-44E4-4D5E-A762-92C5466C1679}.Release|x86.Build.0 = Release|Any CPU
		{698E62C1-E91E-43CE-AF42-A24420F6C2EE}.Debug|Any CPU.ActiveCfg = Debug|Any CPU
		{698E62C1-E91E-43CE-AF42-A24420F6C2EE}.Debug|Any CPU.Build.0 = Debug|Any CPU
		{698E62C1-E91E-43CE-AF42-A24420F6C2EE}.Debug|x64.ActiveCfg = Debug|Any CPU
		{698E62C1-E91E-43CE-AF42-A24420F6C2EE}.Debug|x64.Build.0 = Debug|Any CPU
		{698E62C1-E91E-43CE-AF42-A24420F6C2EE}.Debug|x86.ActiveCfg = Debug|Any CPU
		{698E62C1-E91E-43CE-AF42-A24420F6C2EE}.Debug|x86.Build.0 = Debug|Any CPU
		{698E62C1-E91E-43CE-AF42-A24420F6C2EE}.Release|Any CPU.ActiveCfg = Release|Any CPU
		{698E62C1-E91E-43CE-AF42-A24420F6C2EE}.Release|Any CPU.Build.0 = Release|Any CPU
		{698E62C1-E91E-43CE-AF42-A24420F6C2EE}.Release|x64.ActiveCfg = Release|Any CPU
		{698E62C1-E91E-43CE-AF42-A24420F6C2EE}.Release|x64.Build.0 = Release|Any CPU
		{698E62C1-E91E-43CE-AF42-A24420F6C2EE}.Release|x86.ActiveCfg = Release|Any CPU
		{698E62C1-E91E-43CE-AF42-A24420F6C2EE}.Release|x86.Build.0 = Release|Any CPU
		{D532C7EC-4BBE-4ADC-9C93-C345F5427F22}.Debug|Any CPU.ActiveCfg = Debug|Any CPU
		{D532C7EC-4BBE-4ADC-9C93-C345F5427F22}.Debug|Any CPU.Build.0 = Debug|Any CPU
		{D532C7EC-4BBE-4ADC-9C93-C345F5427F22}.Debug|x64.ActiveCfg = Debug|Any CPU
		{D532C7EC-4BBE-4ADC-9C93-C345F5427F22}.Debug|x64.Build.0 = Debug|Any CPU
		{D532C7EC-4BBE-4ADC-9C93-C345F5427F22}.Debug|x86.ActiveCfg = Debug|Any CPU
		{D532C7EC-4BBE-4ADC-9C93-C345F5427F22}.Debug|x86.Build.0 = Debug|Any CPU
		{D532C7EC-4BBE-4ADC-9C93-C345F5427F22}.Release|Any CPU.ActiveCfg = Release|Any CPU
		{D532C7EC-4BBE-4ADC-9C93-C345F5427F22}.Release|Any CPU.Build.0 = Release|Any CPU
		{D532C7EC-4BBE-4ADC-9C93-C345F5427F22}.Release|x64.ActiveCfg = Release|Any CPU
		{D532C7EC-4BBE-4ADC-9C93-C345F5427F22}.Release|x64.Build.0 = Release|Any CPU
		{D532C7EC-4BBE-4ADC-9C93-C345F5427F22}.Release|x86.ActiveCfg = Release|Any CPU
		{D532C7EC-4BBE-4ADC-9C93-C345F5427F22}.Release|x86.Build.0 = Release|Any CPU
		{EAB70862-8888-4374-B437-9114AD1274CD}.Debug|Any CPU.ActiveCfg = Debug|Any CPU
		{EAB70862-8888-4374-B437-9114AD1274CD}.Debug|Any CPU.Build.0 = Debug|Any CPU
		{EAB70862-8888-4374-B437-9114AD1274CD}.Debug|x64.ActiveCfg = Debug|Any CPU
		{EAB70862-8888-4374-B437-9114AD1274CD}.Debug|x64.Build.0 = Debug|Any CPU
		{EAB70862-8888-4374-B437-9114AD1274CD}.Debug|x86.ActiveCfg = Debug|Any CPU
		{EAB70862-8888-4374-B437-9114AD1274CD}.Debug|x86.Build.0 = Debug|Any CPU
		{EAB70862-8888-4374-B437-9114AD1274CD}.Release|Any CPU.ActiveCfg = Release|Any CPU
		{EAB70862-8888-4374-B437-9114AD1274CD}.Release|Any CPU.Build.0 = Release|Any CPU
		{EAB70862-8888-4374-B437-9114AD1274CD}.Release|x64.ActiveCfg = Release|Any CPU
		{EAB70862-8888-4374-B437-9114AD1274CD}.Release|x64.Build.0 = Release|Any CPU
		{EAB70862-8888-4374-B437-9114AD1274CD}.Release|x86.ActiveCfg = Release|Any CPU
		{EAB70862-8888-4374-B437-9114AD1274CD}.Release|x86.Build.0 = Release|Any CPU
		{2975BCBB-C6AD-4417-96BB-2264E1BC9B6D}.Debug|Any CPU.ActiveCfg = Debug|Any CPU
		{2975BCBB-C6AD-4417-96BB-2264E1BC9B6D}.Debug|Any CPU.Build.0 = Debug|Any CPU
		{2975BCBB-C6AD-4417-96BB-2264E1BC9B6D}.Debug|x64.ActiveCfg = Debug|Any CPU
		{2975BCBB-C6AD-4417-96BB-2264E1BC9B6D}.Debug|x64.Build.0 = Debug|Any CPU
		{2975BCBB-C6AD-4417-96BB-2264E1BC9B6D}.Debug|x86.ActiveCfg = Debug|Any CPU
		{2975BCBB-C6AD-4417-96BB-2264E1BC9B6D}.Debug|x86.Build.0 = Debug|Any CPU
		{2975BCBB-C6AD-4417-96BB-2264E1BC9B6D}.Release|Any CPU.ActiveCfg = Release|Any CPU
		{2975BCBB-C6AD-4417-96BB-2264E1BC9B6D}.Release|Any CPU.Build.0 = Release|Any CPU
		{2975BCBB-C6AD-4417-96BB-2264E1BC9B6D}.Release|x64.ActiveCfg = Release|Any CPU
		{2975BCBB-C6AD-4417-96BB-2264E1BC9B6D}.Release|x64.Build.0 = Release|Any CPU
		{2975BCBB-C6AD-4417-96BB-2264E1BC9B6D}.Release|x86.ActiveCfg = Release|Any CPU
		{2975BCBB-C6AD-4417-96BB-2264E1BC9B6D}.Release|x86.Build.0 = Release|Any CPU
		{4D54E0B3-D29E-449F-A9DA-DFAB37EA83FC}.Debug|Any CPU.ActiveCfg = Debug|Any CPU
		{4D54E0B3-D29E-449F-A9DA-DFAB37EA83FC}.Debug|Any CPU.Build.0 = Debug|Any CPU
		{4D54E0B3-D29E-449F-A9DA-DFAB37EA83FC}.Debug|x64.ActiveCfg = Debug|Any CPU
		{4D54E0B3-D29E-449F-A9DA-DFAB37EA83FC}.Debug|x64.Build.0 = Debug|Any CPU
		{4D54E0B3-D29E-449F-A9DA-DFAB37EA83FC}.Debug|x86.ActiveCfg = Debug|Any CPU
		{4D54E0B3-D29E-449F-A9DA-DFAB37EA83FC}.Debug|x86.Build.0 = Debug|Any CPU
		{4D54E0B3-D29E-449F-A9DA-DFAB37EA83FC}.Release|Any CPU.ActiveCfg = Release|Any CPU
		{4D54E0B3-D29E-449F-A9DA-DFAB37EA83FC}.Release|Any CPU.Build.0 = Release|Any CPU
		{4D54E0B3-D29E-449F-A9DA-DFAB37EA83FC}.Release|x64.ActiveCfg = Release|Any CPU
		{4D54E0B3-D29E-449F-A9DA-DFAB37EA83FC}.Release|x64.Build.0 = Release|Any CPU
		{4D54E0B3-D29E-449F-A9DA-DFAB37EA83FC}.Release|x86.ActiveCfg = Release|Any CPU
		{4D54E0B3-D29E-449F-A9DA-DFAB37EA83FC}.Release|x86.Build.0 = Release|Any CPU
		{9FAAC6CC-422F-4B44-B3BC-963E28B40A7E}.Debug|Any CPU.ActiveCfg = Debug|Any CPU
		{9FAAC6CC-422F-4B44-B3BC-963E28B40A7E}.Debug|Any CPU.Build.0 = Debug|Any CPU
		{9FAAC6CC-422F-4B44-B3BC-963E28B40A7E}.Debug|x64.ActiveCfg = Debug|Any CPU
		{9FAAC6CC-422F-4B44-B3BC-963E28B40A7E}.Debug|x64.Build.0 = Debug|Any CPU
		{9FAAC6CC-422F-4B44-B3BC-963E28B40A7E}.Debug|x86.ActiveCfg = Debug|Any CPU
		{9FAAC6CC-422F-4B44-B3BC-963E28B40A7E}.Debug|x86.Build.0 = Debug|Any CPU
		{9FAAC6CC-422F-4B44-B3BC-963E28B40A7E}.Release|Any CPU.ActiveCfg = Release|Any CPU
		{9FAAC6CC-422F-4B44-B3BC-963E28B40A7E}.Release|Any CPU.Build.0 = Release|Any CPU
		{9FAAC6CC-422F-4B44-B3BC-963E28B40A7E}.Release|x64.ActiveCfg = Release|Any CPU
		{9FAAC6CC-422F-4B44-B3BC-963E28B40A7E}.Release|x64.Build.0 = Release|Any CPU
		{9FAAC6CC-422F-4B44-B3BC-963E28B40A7E}.Release|x86.ActiveCfg = Release|Any CPU
		{9FAAC6CC-422F-4B44-B3BC-963E28B40A7E}.Release|x86.Build.0 = Release|Any CPU
		{2E87B1DE-7053-41BD-AA1B-BC2E30B04FAA}.Debug|Any CPU.ActiveCfg = Debug|Any CPU
		{2E87B1DE-7053-41BD-AA1B-BC2E30B04FAA}.Debug|Any CPU.Build.0 = Debug|Any CPU
		{2E87B1DE-7053-41BD-AA1B-BC2E30B04FAA}.Debug|x64.ActiveCfg = Debug|Any CPU
		{2E87B1DE-7053-41BD-AA1B-BC2E30B04FAA}.Debug|x64.Build.0 = Debug|Any CPU
		{2E87B1DE-7053-41BD-AA1B-BC2E30B04FAA}.Debug|x86.ActiveCfg = Debug|Any CPU
		{2E87B1DE-7053-41BD-AA1B-BC2E30B04FAA}.Debug|x86.Build.0 = Debug|Any CPU
		{2E87B1DE-7053-41BD-AA1B-BC2E30B04FAA}.Release|Any CPU.ActiveCfg = Release|Any CPU
		{2E87B1DE-7053-41BD-AA1B-BC2E30B04FAA}.Release|Any CPU.Build.0 = Release|Any CPU
		{2E87B1DE-7053-41BD-AA1B-BC2E30B04FAA}.Release|x64.ActiveCfg = Release|Any CPU
		{2E87B1DE-7053-41BD-AA1B-BC2E30B04FAA}.Release|x64.Build.0 = Release|Any CPU
		{2E87B1DE-7053-41BD-AA1B-BC2E30B04FAA}.Release|x86.ActiveCfg = Release|Any CPU
		{2E87B1DE-7053-41BD-AA1B-BC2E30B04FAA}.Release|x86.Build.0 = Release|Any CPU
		{4BE89E25-CC91-44A9-AC14-A2F28BC7ABE4}.Debug|Any CPU.ActiveCfg = Debug|Any CPU
		{4BE89E25-CC91-44A9-AC14-A2F28BC7ABE4}.Debug|Any CPU.Build.0 = Debug|Any CPU
		{4BE89E25-CC91-44A9-AC14-A2F28BC7ABE4}.Debug|x64.ActiveCfg = Debug|Any CPU
		{4BE89E25-CC91-44A9-AC14-A2F28BC7ABE4}.Debug|x64.Build.0 = Debug|Any CPU
		{4BE89E25-CC91-44A9-AC14-A2F28BC7ABE4}.Debug|x86.ActiveCfg = Debug|Any CPU
		{4BE89E25-CC91-44A9-AC14-A2F28BC7ABE4}.Debug|x86.Build.0 = Debug|Any CPU
		{4BE89E25-CC91-44A9-AC14-A2F28BC7ABE4}.Release|Any CPU.ActiveCfg = Release|Any CPU
		{4BE89E25-CC91-44A9-AC14-A2F28BC7ABE4}.Release|Any CPU.Build.0 = Release|Any CPU
		{4BE89E25-CC91-44A9-AC14-A2F28BC7ABE4}.Release|x64.ActiveCfg = Release|Any CPU
		{4BE89E25-CC91-44A9-AC14-A2F28BC7ABE4}.Release|x64.Build.0 = Release|Any CPU
		{4BE89E25-CC91-44A9-AC14-A2F28BC7ABE4}.Release|x86.ActiveCfg = Release|Any CPU
		{4BE89E25-CC91-44A9-AC14-A2F28BC7ABE4}.Release|x86.Build.0 = Release|Any CPU
		{C4E9F8F8-0013-4537-8707-D5BEEA634DDA}.Debug|Any CPU.ActiveCfg = Debug|Any CPU
		{C4E9F8F8-0013-4537-8707-D5BEEA634DDA}.Debug|Any CPU.Build.0 = Debug|Any CPU
		{C4E9F8F8-0013-4537-8707-D5BEEA634DDA}.Debug|x64.ActiveCfg = Debug|Any CPU
		{C4E9F8F8-0013-4537-8707-D5BEEA634DDA}.Debug|x64.Build.0 = Debug|Any CPU
		{C4E9F8F8-0013-4537-8707-D5BEEA634DDA}.Debug|x86.ActiveCfg = Debug|Any CPU
		{C4E9F8F8-0013-4537-8707-D5BEEA634DDA}.Debug|x86.Build.0 = Debug|Any CPU
		{C4E9F8F8-0013-4537-8707-D5BEEA634DDA}.Release|Any CPU.ActiveCfg = Release|Any CPU
		{C4E9F8F8-0013-4537-8707-D5BEEA634DDA}.Release|Any CPU.Build.0 = Release|Any CPU
		{C4E9F8F8-0013-4537-8707-D5BEEA634DDA}.Release|x64.ActiveCfg = Release|Any CPU
		{C4E9F8F8-0013-4537-8707-D5BEEA634DDA}.Release|x64.Build.0 = Release|Any CPU
		{C4E9F8F8-0013-4537-8707-D5BEEA634DDA}.Release|x86.ActiveCfg = Release|Any CPU
		{C4E9F8F8-0013-4537-8707-D5BEEA634DDA}.Release|x86.Build.0 = Release|Any CPU
		{2E81030D-8A9E-47CC-8C3A-368A3F9D7DE8}.Debug|Any CPU.ActiveCfg = Debug|Any CPU
		{2E81030D-8A9E-47CC-8C3A-368A3F9D7DE8}.Debug|Any CPU.Build.0 = Debug|Any CPU
		{2E81030D-8A9E-47CC-8C3A-368A3F9D7DE8}.Debug|x64.ActiveCfg = Debug|Any CPU
		{2E81030D-8A9E-47CC-8C3A-368A3F9D7DE8}.Debug|x64.Build.0 = Debug|Any CPU
		{2E81030D-8A9E-47CC-8C3A-368A3F9D7DE8}.Debug|x86.ActiveCfg = Debug|Any CPU
		{2E81030D-8A9E-47CC-8C3A-368A3F9D7DE8}.Debug|x86.Build.0 = Debug|Any CPU
		{2E81030D-8A9E-47CC-8C3A-368A3F9D7DE8}.Release|Any CPU.ActiveCfg = Release|Any CPU
		{2E81030D-8A9E-47CC-8C3A-368A3F9D7DE8}.Release|Any CPU.Build.0 = Release|Any CPU
		{2E81030D-8A9E-47CC-8C3A-368A3F9D7DE8}.Release|x64.ActiveCfg = Release|Any CPU
		{2E81030D-8A9E-47CC-8C3A-368A3F9D7DE8}.Release|x64.Build.0 = Release|Any CPU
		{2E81030D-8A9E-47CC-8C3A-368A3F9D7DE8}.Release|x86.ActiveCfg = Release|Any CPU
		{2E81030D-8A9E-47CC-8C3A-368A3F9D7DE8}.Release|x86.Build.0 = Release|Any CPU
		{F810527F-335C-4B2A-9E63-0CAA2F72F00E}.Debug|Any CPU.ActiveCfg = Debug|Any CPU
		{F810527F-335C-4B2A-9E63-0CAA2F72F00E}.Debug|Any CPU.Build.0 = Debug|Any CPU
		{F810527F-335C-4B2A-9E63-0CAA2F72F00E}.Debug|x64.ActiveCfg = Debug|Any CPU
		{F810527F-335C-4B2A-9E63-0CAA2F72F00E}.Debug|x64.Build.0 = Debug|Any CPU
		{F810527F-335C-4B2A-9E63-0CAA2F72F00E}.Debug|x86.ActiveCfg = Debug|Any CPU
		{F810527F-335C-4B2A-9E63-0CAA2F72F00E}.Debug|x86.Build.0 = Debug|Any CPU
		{F810527F-335C-4B2A-9E63-0CAA2F72F00E}.Release|Any CPU.ActiveCfg = Release|Any CPU
		{F810527F-335C-4B2A-9E63-0CAA2F72F00E}.Release|Any CPU.Build.0 = Release|Any CPU
		{F810527F-335C-4B2A-9E63-0CAA2F72F00E}.Release|x64.ActiveCfg = Release|Any CPU
		{F810527F-335C-4B2A-9E63-0CAA2F72F00E}.Release|x64.Build.0 = Release|Any CPU
		{F810527F-335C-4B2A-9E63-0CAA2F72F00E}.Release|x86.ActiveCfg = Release|Any CPU
		{F810527F-335C-4B2A-9E63-0CAA2F72F00E}.Release|x86.Build.0 = Release|Any CPU
		{61A334A6-1B04-4972-8458-7A1388028B7A}.Debug|Any CPU.ActiveCfg = Debug|Any CPU
		{61A334A6-1B04-4972-8458-7A1388028B7A}.Debug|Any CPU.Build.0 = Debug|Any CPU
		{61A334A6-1B04-4972-8458-7A1388028B7A}.Debug|x64.ActiveCfg = Debug|Any CPU
		{61A334A6-1B04-4972-8458-7A1388028B7A}.Debug|x64.Build.0 = Debug|Any CPU
		{61A334A6-1B04-4972-8458-7A1388028B7A}.Debug|x86.ActiveCfg = Debug|Any CPU
		{61A334A6-1B04-4972-8458-7A1388028B7A}.Debug|x86.Build.0 = Debug|Any CPU
		{61A334A6-1B04-4972-8458-7A1388028B7A}.Release|Any CPU.ActiveCfg = Release|Any CPU
		{61A334A6-1B04-4972-8458-7A1388028B7A}.Release|Any CPU.Build.0 = Release|Any CPU
		{61A334A6-1B04-4972-8458-7A1388028B7A}.Release|x64.ActiveCfg = Release|Any CPU
		{61A334A6-1B04-4972-8458-7A1388028B7A}.Release|x64.Build.0 = Release|Any CPU
		{61A334A6-1B04-4972-8458-7A1388028B7A}.Release|x86.ActiveCfg = Release|Any CPU
		{61A334A6-1B04-4972-8458-7A1388028B7A}.Release|x86.Build.0 = Release|Any CPU
		{0A8DF549-4D99-4086-9BA9-8A0E84D7F052}.Debug|Any CPU.ActiveCfg = Debug|Any CPU
		{0A8DF549-4D99-4086-9BA9-8A0E84D7F052}.Debug|Any CPU.Build.0 = Debug|Any CPU
		{0A8DF549-4D99-4086-9BA9-8A0E84D7F052}.Debug|x64.ActiveCfg = Debug|Any CPU
		{0A8DF549-4D99-4086-9BA9-8A0E84D7F052}.Debug|x64.Build.0 = Debug|Any CPU
		{0A8DF549-4D99-4086-9BA9-8A0E84D7F052}.Debug|x86.ActiveCfg = Debug|Any CPU
		{0A8DF549-4D99-4086-9BA9-8A0E84D7F052}.Debug|x86.Build.0 = Debug|Any CPU
		{0A8DF549-4D99-4086-9BA9-8A0E84D7F052}.Release|Any CPU.ActiveCfg = Release|Any CPU
		{0A8DF549-4D99-4086-9BA9-8A0E84D7F052}.Release|Any CPU.Build.0 = Release|Any CPU
		{0A8DF549-4D99-4086-9BA9-8A0E84D7F052}.Release|x64.ActiveCfg = Release|Any CPU
		{0A8DF549-4D99-4086-9BA9-8A0E84D7F052}.Release|x64.Build.0 = Release|Any CPU
		{0A8DF549-4D99-4086-9BA9-8A0E84D7F052}.Release|x86.ActiveCfg = Release|Any CPU
		{0A8DF549-4D99-4086-9BA9-8A0E84D7F052}.Release|x86.Build.0 = Release|Any CPU
		{DC63435E-3B03-4674-B30D-40EB3863AC79}.Debug|Any CPU.ActiveCfg = Debug|Any CPU
		{DC63435E-3B03-4674-B30D-40EB3863AC79}.Debug|Any CPU.Build.0 = Debug|Any CPU
		{DC63435E-3B03-4674-B30D-40EB3863AC79}.Debug|x64.ActiveCfg = Debug|Any CPU
		{DC63435E-3B03-4674-B30D-40EB3863AC79}.Debug|x64.Build.0 = Debug|Any CPU
		{DC63435E-3B03-4674-B30D-40EB3863AC79}.Debug|x86.ActiveCfg = Debug|Any CPU
		{DC63435E-3B03-4674-B30D-40EB3863AC79}.Debug|x86.Build.0 = Debug|Any CPU
		{DC63435E-3B03-4674-B30D-40EB3863AC79}.Release|Any CPU.ActiveCfg = Release|Any CPU
		{DC63435E-3B03-4674-B30D-40EB3863AC79}.Release|Any CPU.Build.0 = Release|Any CPU
		{DC63435E-3B03-4674-B30D-40EB3863AC79}.Release|x64.ActiveCfg = Release|Any CPU
		{DC63435E-3B03-4674-B30D-40EB3863AC79}.Release|x64.Build.0 = Release|Any CPU
		{DC63435E-3B03-4674-B30D-40EB3863AC79}.Release|x86.ActiveCfg = Release|Any CPU
		{DC63435E-3B03-4674-B30D-40EB3863AC79}.Release|x86.Build.0 = Release|Any CPU
		{A441740B-9565-422C-9672-902FEF5DD347}.Debug|Any CPU.ActiveCfg = Debug|Any CPU
		{A441740B-9565-422C-9672-902FEF5DD347}.Debug|Any CPU.Build.0 = Debug|Any CPU
		{A441740B-9565-422C-9672-902FEF5DD347}.Debug|x64.ActiveCfg = Debug|Any CPU
		{A441740B-9565-422C-9672-902FEF5DD347}.Debug|x64.Build.0 = Debug|Any CPU
		{A441740B-9565-422C-9672-902FEF5DD347}.Debug|x86.ActiveCfg = Debug|Any CPU
		{A441740B-9565-422C-9672-902FEF5DD347}.Debug|x86.Build.0 = Debug|Any CPU
		{A441740B-9565-422C-9672-902FEF5DD347}.Release|Any CPU.ActiveCfg = Release|Any CPU
		{A441740B-9565-422C-9672-902FEF5DD347}.Release|Any CPU.Build.0 = Release|Any CPU
		{A441740B-9565-422C-9672-902FEF5DD347}.Release|x64.ActiveCfg = Release|Any CPU
		{A441740B-9565-422C-9672-902FEF5DD347}.Release|x64.Build.0 = Release|Any CPU
		{A441740B-9565-422C-9672-902FEF5DD347}.Release|x86.ActiveCfg = Release|Any CPU
		{A441740B-9565-422C-9672-902FEF5DD347}.Release|x86.Build.0 = Release|Any CPU
		{C8985282-2182-47E2-843E-E81BBAF1205B}.Debug|Any CPU.ActiveCfg = Debug|Any CPU
		{C8985282-2182-47E2-843E-E81BBAF1205B}.Debug|Any CPU.Build.0 = Debug|Any CPU
		{C8985282-2182-47E2-843E-E81BBAF1205B}.Debug|x64.ActiveCfg = Debug|Any CPU
		{C8985282-2182-47E2-843E-E81BBAF1205B}.Debug|x64.Build.0 = Debug|Any CPU
		{C8985282-2182-47E2-843E-E81BBAF1205B}.Debug|x86.ActiveCfg = Debug|Any CPU
		{C8985282-2182-47E2-843E-E81BBAF1205B}.Debug|x86.Build.0 = Debug|Any CPU
		{C8985282-2182-47E2-843E-E81BBAF1205B}.Release|Any CPU.ActiveCfg = Release|Any CPU
		{C8985282-2182-47E2-843E-E81BBAF1205B}.Release|Any CPU.Build.0 = Release|Any CPU
		{C8985282-2182-47E2-843E-E81BBAF1205B}.Release|x64.ActiveCfg = Release|Any CPU
		{C8985282-2182-47E2-843E-E81BBAF1205B}.Release|x64.Build.0 = Release|Any CPU
		{C8985282-2182-47E2-843E-E81BBAF1205B}.Release|x86.ActiveCfg = Release|Any CPU
		{C8985282-2182-47E2-843E-E81BBAF1205B}.Release|x86.Build.0 = Release|Any CPU
		{4C9B0D1D-6841-4D1E-9F96-6B5CC039B41E}.Debug|Any CPU.ActiveCfg = Debug|Any CPU
		{4C9B0D1D-6841-4D1E-9F96-6B5CC039B41E}.Debug|Any CPU.Build.0 = Debug|Any CPU
		{4C9B0D1D-6841-4D1E-9F96-6B5CC039B41E}.Debug|x64.ActiveCfg = Debug|Any CPU
		{4C9B0D1D-6841-4D1E-9F96-6B5CC039B41E}.Debug|x64.Build.0 = Debug|Any CPU
		{4C9B0D1D-6841-4D1E-9F96-6B5CC039B41E}.Debug|x86.ActiveCfg = Debug|Any CPU
		{4C9B0D1D-6841-4D1E-9F96-6B5CC039B41E}.Debug|x86.Build.0 = Debug|Any CPU
		{4C9B0D1D-6841-4D1E-9F96-6B5CC039B41E}.Release|Any CPU.ActiveCfg = Release|Any CPU
		{4C9B0D1D-6841-4D1E-9F96-6B5CC039B41E}.Release|Any CPU.Build.0 = Release|Any CPU
		{4C9B0D1D-6841-4D1E-9F96-6B5CC039B41E}.Release|x64.ActiveCfg = Release|Any CPU
		{4C9B0D1D-6841-4D1E-9F96-6B5CC039B41E}.Release|x64.Build.0 = Release|Any CPU
		{4C9B0D1D-6841-4D1E-9F96-6B5CC039B41E}.Release|x86.ActiveCfg = Release|Any CPU
		{4C9B0D1D-6841-4D1E-9F96-6B5CC039B41E}.Release|x86.Build.0 = Release|Any CPU
		{3260075B-71AD-40C7-86DD-A0258ADCD3D2}.Debug|Any CPU.ActiveCfg = Debug|Any CPU
		{3260075B-71AD-40C7-86DD-A0258ADCD3D2}.Debug|Any CPU.Build.0 = Debug|Any CPU
		{3260075B-71AD-40C7-86DD-A0258ADCD3D2}.Debug|x64.ActiveCfg = Debug|Any CPU
		{3260075B-71AD-40C7-86DD-A0258ADCD3D2}.Debug|x64.Build.0 = Debug|Any CPU
		{3260075B-71AD-40C7-86DD-A0258ADCD3D2}.Debug|x86.ActiveCfg = Debug|Any CPU
		{3260075B-71AD-40C7-86DD-A0258ADCD3D2}.Debug|x86.Build.0 = Debug|Any CPU
		{3260075B-71AD-40C7-86DD-A0258ADCD3D2}.Release|Any CPU.ActiveCfg = Release|Any CPU
		{3260075B-71AD-40C7-86DD-A0258ADCD3D2}.Release|Any CPU.Build.0 = Release|Any CPU
		{3260075B-71AD-40C7-86DD-A0258ADCD3D2}.Release|x64.ActiveCfg = Release|Any CPU
		{3260075B-71AD-40C7-86DD-A0258ADCD3D2}.Release|x64.Build.0 = Release|Any CPU
		{3260075B-71AD-40C7-86DD-A0258ADCD3D2}.Release|x86.ActiveCfg = Release|Any CPU
		{3260075B-71AD-40C7-86DD-A0258ADCD3D2}.Release|x86.Build.0 = Release|Any CPU
		{BEA29F03-D469-4313-9443-66ED75CA7247}.Debug|Any CPU.ActiveCfg = Debug|Any CPU
		{BEA29F03-D469-4313-9443-66ED75CA7247}.Debug|Any CPU.Build.0 = Debug|Any CPU
		{BEA29F03-D469-4313-9443-66ED75CA7247}.Debug|x64.ActiveCfg = Debug|Any CPU
		{BEA29F03-D469-4313-9443-66ED75CA7247}.Debug|x64.Build.0 = Debug|Any CPU
		{BEA29F03-D469-4313-9443-66ED75CA7247}.Debug|x86.ActiveCfg = Debug|Any CPU
		{BEA29F03-D469-4313-9443-66ED75CA7247}.Debug|x86.Build.0 = Debug|Any CPU
		{BEA29F03-D469-4313-9443-66ED75CA7247}.Release|Any CPU.ActiveCfg = Release|Any CPU
		{BEA29F03-D469-4313-9443-66ED75CA7247}.Release|Any CPU.Build.0 = Release|Any CPU
		{BEA29F03-D469-4313-9443-66ED75CA7247}.Release|x64.ActiveCfg = Release|Any CPU
		{BEA29F03-D469-4313-9443-66ED75CA7247}.Release|x64.Build.0 = Release|Any CPU
		{BEA29F03-D469-4313-9443-66ED75CA7247}.Release|x86.ActiveCfg = Release|Any CPU
		{BEA29F03-D469-4313-9443-66ED75CA7247}.Release|x86.Build.0 = Release|Any CPU
		{90A9E36D-F23F-4AF3-B148-D7822A6EA89A}.Debug|Any CPU.ActiveCfg = Debug|Any CPU
		{90A9E36D-F23F-4AF3-B148-D7822A6EA89A}.Debug|Any CPU.Build.0 = Debug|Any CPU
		{90A9E36D-F23F-4AF3-B148-D7822A6EA89A}.Debug|x64.ActiveCfg = Debug|Any CPU
		{90A9E36D-F23F-4AF3-B148-D7822A6EA89A}.Debug|x64.Build.0 = Debug|Any CPU
		{90A9E36D-F23F-4AF3-B148-D7822A6EA89A}.Debug|x86.ActiveCfg = Debug|Any CPU
		{90A9E36D-F23F-4AF3-B148-D7822A6EA89A}.Debug|x86.Build.0 = Debug|Any CPU
		{90A9E36D-F23F-4AF3-B148-D7822A6EA89A}.Release|Any CPU.ActiveCfg = Release|Any CPU
		{90A9E36D-F23F-4AF3-B148-D7822A6EA89A}.Release|Any CPU.Build.0 = Release|Any CPU
		{90A9E36D-F23F-4AF3-B148-D7822A6EA89A}.Release|x64.ActiveCfg = Release|Any CPU
		{90A9E36D-F23F-4AF3-B148-D7822A6EA89A}.Release|x64.Build.0 = Release|Any CPU
		{90A9E36D-F23F-4AF3-B148-D7822A6EA89A}.Release|x86.ActiveCfg = Release|Any CPU
		{90A9E36D-F23F-4AF3-B148-D7822A6EA89A}.Release|x86.Build.0 = Release|Any CPU
		{EE1406D9-599C-4E16-B5E6-F93A3A6DE3A3}.Debug|Any CPU.ActiveCfg = Debug|Any CPU
		{EE1406D9-599C-4E16-B5E6-F93A3A6DE3A3}.Debug|Any CPU.Build.0 = Debug|Any CPU
		{EE1406D9-599C-4E16-B5E6-F93A3A6DE3A3}.Debug|x64.ActiveCfg = Debug|Any CPU
		{EE1406D9-599C-4E16-B5E6-F93A3A6DE3A3}.Debug|x64.Build.0 = Debug|Any CPU
		{EE1406D9-599C-4E16-B5E6-F93A3A6DE3A3}.Debug|x86.ActiveCfg = Debug|Any CPU
		{EE1406D9-599C-4E16-B5E6-F93A3A6DE3A3}.Debug|x86.Build.0 = Debug|Any CPU
		{EE1406D9-599C-4E16-B5E6-F93A3A6DE3A3}.Release|Any CPU.ActiveCfg = Release|Any CPU
		{EE1406D9-599C-4E16-B5E6-F93A3A6DE3A3}.Release|Any CPU.Build.0 = Release|Any CPU
		{EE1406D9-599C-4E16-B5E6-F93A3A6DE3A3}.Release|x64.ActiveCfg = Release|Any CPU
		{EE1406D9-599C-4E16-B5E6-F93A3A6DE3A3}.Release|x64.Build.0 = Release|Any CPU
		{EE1406D9-599C-4E16-B5E6-F93A3A6DE3A3}.Release|x86.ActiveCfg = Release|Any CPU
		{EE1406D9-599C-4E16-B5E6-F93A3A6DE3A3}.Release|x86.Build.0 = Release|Any CPU
	EndGlobalSection
	GlobalSection(SolutionProperties) = preSolution
		HideSolutionNode = FALSE
	EndGlobalSection
	GlobalSection(NestedProjects) = preSolution
		{D6E302F5-7A3D-4835-B517-D94DDEEA2A9B} = {AA46CF97-72C1-473E-AA96-46D557043AF1}
		{F0CD6938-8F8A-40D1-8100-1D13A3B3688F} = {D6E302F5-7A3D-4835-B517-D94DDEEA2A9B}
		{9888F7C6-66E6-4050-9BF0-FB919EE6EA84} = {F0CD6938-8F8A-40D1-8100-1D13A3B3688F}
		{536D81E8-D696-43F0-8920-2663FAB34F6E} = {AA46CF97-72C1-473E-AA96-46D557043AF1}
		{023F1B88-7B7A-44D3-92A4-DDC8C19FDDBA} = {536D81E8-D696-43F0-8920-2663FAB34F6E}
		{B41AAE80-5FA5-410B-A05F-7CB39F782EFA} = {023F1B88-7B7A-44D3-92A4-DDC8C19FDDBA}
		{8F4D28D5-87D0-46B1-9932-F7CB0159A31F} = {023F1B88-7B7A-44D3-92A4-DDC8C19FDDBA}
		{14B79BC3-FF3B-42E5-A580-A9329D0A6B76} = {023F1B88-7B7A-44D3-92A4-DDC8C19FDDBA}
		{AF1120C4-AE5A-4154-A294-8F09564E0669} = {023F1B88-7B7A-44D3-92A4-DDC8C19FDDBA}
		{EEA345D3-8267-4DD5-B49A-0039D08DCC04} = {536D81E8-D696-43F0-8920-2663FAB34F6E}
		{3FBF498F-44E4-4D5E-A762-92C5466C1679} = {EEA345D3-8267-4DD5-B49A-0039D08DCC04}
		{698E62C1-E91E-43CE-AF42-A24420F6C2EE} = {EEA345D3-8267-4DD5-B49A-0039D08DCC04}
		{D532C7EC-4BBE-4ADC-9C93-C345F5427F22} = {EEA345D3-8267-4DD5-B49A-0039D08DCC04}
		{EAB70862-8888-4374-B437-9114AD1274CD} = {EEA345D3-8267-4DD5-B49A-0039D08DCC04}
		{F983A58E-E065-4DFC-91BB-F81A53D8293C} = {536D81E8-D696-43F0-8920-2663FAB34F6E}
		{2975BCBB-C6AD-4417-96BB-2264E1BC9B6D} = {F983A58E-E065-4DFC-91BB-F81A53D8293C}
		{4D54E0B3-D29E-449F-A9DA-DFAB37EA83FC} = {F983A58E-E065-4DFC-91BB-F81A53D8293C}
		{9FAAC6CC-422F-4B44-B3BC-963E28B40A7E} = {F983A58E-E065-4DFC-91BB-F81A53D8293C}
		{2E87B1DE-7053-41BD-AA1B-BC2E30B04FAA} = {F983A58E-E065-4DFC-91BB-F81A53D8293C}
		{1F0C66ED-AD18-42E7-BAD1-3661BFFA923B} = {536D81E8-D696-43F0-8920-2663FAB34F6E}
		{4BE89E25-CC91-44A9-AC14-A2F28BC7ABE4} = {1F0C66ED-AD18-42E7-BAD1-3661BFFA923B}
		{C4E9F8F8-0013-4537-8707-D5BEEA634DDA} = {1F0C66ED-AD18-42E7-BAD1-3661BFFA923B}
		{2E81030D-8A9E-47CC-8C3A-368A3F9D7DE8} = {1F0C66ED-AD18-42E7-BAD1-3661BFFA923B}
		{F810527F-335C-4B2A-9E63-0CAA2F72F00E} = {1F0C66ED-AD18-42E7-BAD1-3661BFFA923B}
		{7C1236AC-48C3-4743-B13E-863AFD825F77} = {AA46CF97-72C1-473E-AA96-46D557043AF1}
		{61A334A6-1B04-4972-8458-7A1388028B7A} = {7C1236AC-48C3-4743-B13E-863AFD825F77}
		{B0F10F1A-D692-730C-CF0B-8C179363D92E} = {023F1B88-7B7A-44D3-92A4-DDC8C19FDDBA}
		{0A8DF549-4D99-4086-9BA9-8A0E84D7F052} = {B0F10F1A-D692-730C-CF0B-8C179363D92E}
		{DC63435E-3B03-4674-B30D-40EB3863AC79} = {B0F10F1A-D692-730C-CF0B-8C179363D92E}
		{A7174907-64C9-F6D8-1781-E5951BEFEBED} = {EEA345D3-8267-4DD5-B49A-0039D08DCC04}
		{A441740B-9565-422C-9672-902FEF5DD347} = {A7174907-64C9-F6D8-1781-E5951BEFEBED}
		{C8985282-2182-47E2-843E-E81BBAF1205B} = {A7174907-64C9-F6D8-1781-E5951BEFEBED}
		{4F0D1DE4-0AB4-7A20-7239-DF885E6F46B9} = {F983A58E-E065-4DFC-91BB-F81A53D8293C}
		{4C9B0D1D-6841-4D1E-9F96-6B5CC039B41E} = {4F0D1DE4-0AB4-7A20-7239-DF885E6F46B9}
		{3260075B-71AD-40C7-86DD-A0258ADCD3D2} = {4F0D1DE4-0AB4-7A20-7239-DF885E6F46B9}
		{39D2F10F-CEB8-F785-41AF-DE65142A20FA} = {1F0C66ED-AD18-42E7-BAD1-3661BFFA923B}
		{BEA29F03-D469-4313-9443-66ED75CA7247} = {39D2F10F-CEB8-F785-41AF-DE65142A20FA}
		{90A9E36D-F23F-4AF3-B148-D7822A6EA89A} = {7C1236AC-48C3-4743-B13E-863AFD825F77}
		{EE1406D9-599C-4E16-B5E6-F93A3A6DE3A3} = {39D2F10F-CEB8-F785-41AF-DE65142A20FA}
	EndGlobalSection
EndGlobal
