
Microsoft Visual Studio Solution File, Format Version 12.00
# Visual Studio Version 17
VisualStudioVersion = 17.0.31903.59
MinimumVisualStudioVersion = 10.0.40219.1
Project("{2150E333-8FDC-42A3-9474-1A3956D46DE8}") = "src", "src", "{AA46CF97-72C1-473E-AA96-46D557043AF1}"
EndProject
Project("{2150E333-8FDC-42A3-9474-1A3956D46DE8}") = "apps", "apps", "{D6E302F5-7A3D-4835-B517-D94DDEEA2A9B}"
EndProject
Project("{2150E333-8FDC-42A3-9474-1A3956D46DE8}") = "edge-proxy", "edge-proxy", "{F0CD6938-8F8A-40D1-8100-1D13A3B3688F}"
EndProject
Project("{FAE04EC0-301F-11D3-BF4B-00C04F79EFBC}") = "Umbral.EdgeProxy", "src\apps\edge-proxy\Umbral.EdgeProxy\Umbral.EdgeProxy.csproj", "{9888F7C6-66E6-4050-9BF0-FB919EE6EA84}"
EndProject
Project("{2150E333-8FDC-42A3-9474-1A3956D46DE8}") = "services", "services", "{536D81E8-D696-43F0-8920-2663FAB34F6E}"
EndProject
Project("{2150E333-8FDC-42A3-9474-1A3956D46DE8}") = "mission-management", "mission-management", "{023F1B88-7B7A-44D3-92A4-DDC8C19FDDBA}"
EndProject
Project("{FAE04EC0-301F-11D3-BF4B-00C04F79EFBC}") = "MissionManagement.Api", "src\services\mission-management\MissionManagement.Api\MissionManagement.Api.csproj", "{B41AAE80-5FA5-410B-A05F-7CB39F782EFA}"
EndProject
Project("{FAE04EC0-301F-11D3-BF4B-00C04F79EFBC}") = "MissionManagement.Api.Tests", "src\services\mission-management\MissionManagement.Api.Tests\MissionManagement.Api.Tests.csproj", "{A37EF584-DA70-4F2B-81EB-DDB6DBCE7AB8}"
EndProject
Project("{FAE04EC0-301F-11D3-BF4B-00C04F79EFBC}") = "MissionManagement.Application", "src\services\mission-management\MissionManagement.Application\MissionManagement.Application.csproj", "{8F4D28D5-87D0-46B1-9932-F7CB0159A31F}"
EndProject
Project("{FAE04EC0-301F-11D3-BF4B-00C04F79EFBC}") = "MissionManagement.Domain", "src\services\mission-management\MissionManagement.Domain\MissionManagement.Domain.csproj", "{14B79BC3-FF3B-42E5-A580-A9329D0A6B76}"
EndProject
Project("{FAE04EC0-301F-11D3-BF4B-00C04F79EFBC}") = "MissionManagement.Infrastructure", "src\services\mission-management\MissionManagement.Infrastructure\MissionManagement.Infrastructure.csproj", "{AF1120C4-AE5A-4154-A294-8F09564E0669}"
EndProject
Project("{2150E333-8FDC-42A3-9474-1A3956D46DE8}") = "scoring-audit", "scoring-audit", "{EEA345D3-8267-4DD5-B49A-0039D08DCC04}"
EndProject
Project("{FAE04EC0-301F-11D3-BF4B-00C04F79EFBC}") = "ScoringAudit.Api", "src\services\scoring-audit\ScoringAudit.Api\ScoringAudit.Api.csproj", "{3FBF498F-44E4-4D5E-A762-92C5466C1679}"
EndProject
Project("{FAE04EC0-301F-11D3-BF4B-00C04F79EFBC}") = "ScoringAudit.Api.Tests", "src\services\scoring-audit\ScoringAudit.Api.Tests\ScoringAudit.Api.Tests.csproj", "{2260766C-E45E-4F6F-8389-1151CDE2C411}"
EndProject
Project("{FAE04EC0-301F-11D3-BF4B-00C04F79EFBC}") = "ScoringAudit.Application", "src\services\scoring-audit\ScoringAudit.Application\ScoringAudit.Application.csproj", "{698E62C1-E91E-43CE-AF42-A24420F6C2EE}"
EndProject
Project("{FAE04EC0-301F-11D3-BF4B-00C04F79EFBC}") = "ScoringAudit.Domain", "src\services\scoring-audit\ScoringAudit.Domain\ScoringAudit.Domain.csproj", "{D532C7EC-4BBE-4ADC-9C93-C345F5427F22}"
EndProject
Project("{FAE04EC0-301F-11D3-BF4B-00C04F79EFBC}") = "ScoringAudit.Infrastructure", "src\services\scoring-audit\ScoringAudit.Infrastructure\ScoringAudit.Infrastructure.csproj", "{EAB70862-8888-4374-B437-9114AD1274CD}"
EndProject
Project("{2150E333-8FDC-42A3-9474-1A3956D46DE8}") = "session-operations", "session-operations", "{F983A58E-E065-4DFC-91BB-F81A53D8293C}"
EndProject
Project("{FAE04EC0-301F-11D3-BF4B-00C04F79EFBC}") = "SessionOperations.Api", "src\services\session-operations\SessionOperations.Api\SessionOperations.Api.csproj", "{2975BCBB-C6AD-4417-96BB-2264E1BC9B6D}"
EndProject
Project("{FAE04EC0-301F-11D3-BF4B-00C04F79EFBC}") = "SessionOperations.Api.Tests", "src\services\session-operations\SessionOperations.Api.Tests\SessionOperations.Api.Tests.csproj", "{E3AFB681-4C51-4E75-813B-AEFBA6079999}"
EndProject
Project("{FAE04EC0-301F-11D3-BF4B-00C04F79EFBC}") = "SessionOperations.Application", "src\services\session-operations\SessionOperations.Application\SessionOperations.Application.csproj", "{4D54E0B3-D29E-449F-A9DA-DFAB37EA83FC}"
EndProject
Project("{FAE04EC0-301F-11D3-BF4B-00C04F79EFBC}") = "SessionOperations.Domain", "src\services\session-operations\SessionOperations.Domain\SessionOperations.Domain.csproj", "{9FAAC6CC-422F-4B44-B3BC-963E28B40A7E}"
EndProject
Project("{FAE04EC0-301F-11D3-BF4B-00C04F79EFBC}") = "SessionOperations.Infrastructure", "src\services\session-operations\SessionOperations.Infrastructure\SessionOperations.Infrastructure.csproj", "{2E87B1DE-7053-41BD-AA1B-BC2E30B04FAA}"
EndProject
Project("{2150E333-8FDC-42A3-9474-1A3956D46DE8}") = "user-management", "user-management", "{1F0C66ED-AD18-42E7-BAD1-3661BFFA923B}"
EndProject
Project("{FAE04EC0-301F-11D3-BF4B-00C04F79EFBC}") = "UserManagement.Api", "src\services\user-management\UserManagement.Api\UserManagement.Api.csproj", "{4BE89E25-CC91-44A9-AC14-A2F28BC7ABE4}"
EndProject
Project("{FAE04EC0-301F-11D3-BF4B-00C04F79EFBC}") = "UserManagement.Api.Tests", "src\services\user-management\UserManagement.Api.Tests\UserManagement.Api.Tests.csproj", "{89E7E3DC-F6E3-434A-B7BC-BB7456001213}"
EndProject
Project("{FAE04EC0-301F-11D3-BF4B-00C04F79EFBC}") = "UserManagement.Application", "src\services\user-management\UserManagement.Application\UserManagement.Application.csproj", "{C4E9F8F8-0013-4537-8707-D5BEEA634DDA}"
EndProject
Project("{FAE04EC0-301F-11D3-BF4B-00C04F79EFBC}") = "UserManagement.Domain", "src\services\user-management\UserManagement.Domain\UserManagement.Domain.csproj", "{2E81030D-8A9E-47CC-8C3A-368A3F9D7DE8}"
EndProject
Project("{FAE04EC0-301F-11D3-BF4B-00C04F79EFBC}") = "UserManagement.Infrastructure", "src\services\user-management\UserManagement.Infrastructure\UserManagement.Infrastructure.csproj", "{F810527F-335C-4B2A-9E63-0CAA2F72F00E}"
EndProject
Project("{2150E333-8FDC-42A3-9474-1A3956D46DE8}") = "shared", "shared", "{7C1236AC-48C3-4743-B13E-863AFD825F77}"
EndProject
Project("{FAE04EC0-301F-11D3-BF4B-00C04F79EFBC}") = "Umbral.ServiceDefaults", "src\shared\Umbral.ServiceDefaults\Umbral.ServiceDefaults.csproj", "{61A334A6-1B04-4972-8458-7A1388028B7A}"
EndProject
Project("{FAE04EC0-301F-11D3-BF4B-00C04F79EFBC}") = "Umbral.ServiceDefaults.Tests", "src\shared\Umbral.ServiceDefaults.Tests\Umbral.ServiceDefaults.Tests.csproj", "{F159C099-CEEE-4710-B67C-75FB8EA0A293}"
EndProject
Global
	GlobalSection(SolutionConfigurationPlatforms) = preSolution
		Debug|Any CPU = Debug|Any CPU
		Release|Any CPU = Release|Any CPU
	EndGlobalSection
	GlobalSection(SolutionProperties) = preSolution
		HideSolutionNode = FALSE
	EndGlobalSection
	GlobalSection(ProjectConfigurationPlatforms) = postSolution
		{9888F7C6-66E6-4050-9BF0-FB919EE6EA84}.Debug|Any CPU.ActiveCfg = Debug|Any CPU
		{9888F7C6-66E6-4050-9BF0-FB919EE6EA84}.Debug|Any CPU.Build.0 = Debug|Any CPU
		{9888F7C6-66E6-4050-9BF0-FB919EE6EA84}.Release|Any CPU.ActiveCfg = Release|Any CPU
		{9888F7C6-66E6-4050-9BF0-FB919EE6EA84}.Release|Any CPU.Build.0 = Release|Any CPU
		{B41AAE80-5FA5-410B-A05F-7CB39F782EFA}.Debug|Any CPU.ActiveCfg = Debug|Any CPU
		{B41AAE80-5FA5-410B-A05F-7CB39F782EFA}.Debug|Any CPU.Build.0 = Debug|Any CPU
		{B41AAE80-5FA5-410B-A05F-7CB39F782EFA}.Release|Any CPU.ActiveCfg = Release|Any CPU
		{B41AAE80-5FA5-410B-A05F-7CB39F782EFA}.Release|Any CPU.Build.0 = Release|Any CPU
		{A37EF584-DA70-4F2B-81EB-DDB6DBCE7AB8}.Debug|Any CPU.ActiveCfg = Debug|Any CPU
		{A37EF584-DA70-4F2B-81EB-DDB6DBCE7AB8}.Debug|Any CPU.Build.0 = Debug|Any CPU
		{A37EF584-DA70-4F2B-81EB-DDB6DBCE7AB8}.Release|Any CPU.ActiveCfg = Release|Any CPU
		{A37EF584-DA70-4F2B-81EB-DDB6DBCE7AB8}.Release|Any CPU.Build.0 = Release|Any CPU
		{8F4D28D5-87D0-46B1-9932-F7CB0159A31F}.Debug|Any CPU.ActiveCfg = Debug|Any CPU
		{8F4D28D5-87D0-46B1-9932-F7CB0159A31F}.Debug|Any CPU.Build.0 = Debug|Any CPU
		{8F4D28D5-87D0-46B1-9932-F7CB0159A31F}.Release|Any CPU.ActiveCfg = Release|Any CPU
		{8F4D28D5-87D0-46B1-9932-F7CB0159A31F}.Release|Any CPU.Build.0 = Release|Any CPU
		{14B79BC3-FF3B-42E5-A580-A9329D0A6B76}.Debug|Any CPU.ActiveCfg = Debug|Any CPU
		{14B79BC3-FF3B-42E5-A580-A9329D0A6B76}.Debug|Any CPU.Build.0 = Debug|Any CPU
		{14B79BC3-FF3B-42E5-A580-A9329D0A6B76}.Release|Any CPU.ActiveCfg = Release|Any CPU
		{14B79BC3-FF3B-42E5-A580-A9329D0A6B76}.Release|Any CPU.Build.0 = Release|Any CPU
		{AF1120C4-AE5A-4154-A294-8F09564E0669}.Debug|Any CPU.ActiveCfg = Debug|Any CPU
		{AF1120C4-AE5A-4154-A294-8F09564E0669}.Debug|Any CPU.Build.0 = Debug|Any CPU
		{AF1120C4-AE5A-4154-A294-8F09564E0669}.Release|Any CPU.ActiveCfg = Release|Any CPU
		{AF1120C4-AE5A-4154-A294-8F09564E0669}.Release|Any CPU.Build.0 = Release|Any CPU
		{3FBF498F-44E4-4D5E-A762-92C5466C1679}.Debug|Any CPU.ActiveCfg = Debug|Any CPU
		{3FBF498F-44E4-4D5E-A762-92C5466C1679}.Debug|Any CPU.Build.0 = Debug|Any CPU
		{3FBF498F-44E4-4D5E-A762-92C5466C1679}.Release|Any CPU.ActiveCfg = Release|Any CPU
		{3FBF498F-44E4-4D5E-A762-92C5466C1679}.Release|Any CPU.Build.0 = Release|Any CPU
		{2260766C-E45E-4F6F-8389-1151CDE2C411}.Debug|Any CPU.ActiveCfg = Debug|Any CPU
		{2260766C-E45E-4F6F-8389-1151CDE2C411}.Debug|Any CPU.Build.0 = Debug|Any CPU
		{2260766C-E45E-4F6F-8389-1151CDE2C411}.Release|Any CPU.ActiveCfg = Release|Any CPU
		{2260766C-E45E-4F6F-8389-1151CDE2C411}.Release|Any CPU.Build.0 = Release|Any CPU
		{698E62C1-E91E-43CE-AF42-A24420F6C2EE}.Debug|Any CPU.ActiveCfg = Debug|Any CPU
		{698E62C1-E91E-43CE-AF42-A24420F6C2EE}.Debug|Any CPU.Build.0 = Debug|Any CPU
		{698E62C1-E91E-43CE-AF42-A24420F6C2EE}.Release|Any CPU.ActiveCfg = Release|Any CPU
		{698E62C1-E91E-43CE-AF42-A24420F6C2EE}.Release|Any CPU.Build.0 = Release|Any CPU
		{D532C7EC-4BBE-4ADC-9C93-C345F5427F22}.Debug|Any CPU.ActiveCfg = Debug|Any CPU
		{D532C7EC-4BBE-4ADC-9C93-C345F5427F22}.Debug|Any CPU.Build.0 = Debug|Any CPU
		{D532C7EC-4BBE-4ADC-9C93-C345F5427F22}.Release|Any CPU.ActiveCfg = Release|Any CPU
		{D532C7EC-4BBE-4ADC-9C93-C345F5427F22}.Release|Any CPU.Build.0 = Release|Any CPU
		{EAB70862-8888-4374-B437-9114AD1274CD}.Debug|Any CPU.ActiveCfg = Debug|Any CPU
		{EAB70862-8888-4374-B437-9114AD1274CD}.Debug|Any CPU.Build.0 = Debug|Any CPU
		{EAB70862-8888-4374-B437-9114AD1274CD}.Release|Any CPU.ActiveCfg = Release|Any CPU
		{EAB70862-8888-4374-B437-9114AD1274CD}.Release|Any CPU.Build.0 = Release|Any CPU
		{2975BCBB-C6AD-4417-96BB-2264E1BC9B6D}.Debug|Any CPU.ActiveCfg = Debug|Any CPU
		{2975BCBB-C6AD-4417-96BB-2264E1BC9B6D}.Debug|Any CPU.Build.0 = Debug|Any CPU
		{2975BCBB-C6AD-4417-96BB-2264E1BC9B6D}.Release|Any CPU.ActiveCfg = Release|Any CPU
		{2975BCBB-C6AD-4417-96BB-2264E1BC9B6D}.Release|Any CPU.Build.0 = Release|Any CPU
		{E3AFB681-4C51-4E75-813B-AEFBA6079999}.Debug|Any CPU.ActiveCfg = Debug|Any CPU
		{E3AFB681-4C51-4E75-813B-AEFBA6079999}.Debug|Any CPU.Build.0 = Debug|Any CPU
		{E3AFB681-4C51-4E75-813B-AEFBA6079999}.Release|Any CPU.ActiveCfg = Release|Any CPU
		{E3AFB681-4C51-4E75-813B-AEFBA6079999}.Release|Any CPU.Build.0 = Release|Any CPU
		{4D54E0B3-D29E-449F-A9DA-DFAB37EA83FC}.Debug|Any CPU.ActiveCfg = Debug|Any CPU
		{4D54E0B3-D29E-449F-A9DA-DFAB37EA83FC}.Debug|Any CPU.Build.0 = Debug|Any CPU
		{4D54E0B3-D29E-449F-A9DA-DFAB37EA83FC}.Release|Any CPU.ActiveCfg = Release|Any CPU
		{4D54E0B3-D29E-449F-A9DA-DFAB37EA83FC}.Release|Any CPU.Build.0 = Release|Any CPU
		{9FAAC6CC-422F-4B44-B3BC-963E28B40A7E}.Debug|Any CPU.ActiveCfg = Debug|Any CPU
		{9FAAC6CC-422F-4B44-B3BC-963E28B40A7E}.Debug|Any CPU.Build.0 = Debug|Any CPU
		{9FAAC6CC-422F-4B44-B3BC-963E28B40A7E}.Release|Any CPU.ActiveCfg = Release|Any CPU
		{9FAAC6CC-422F-4B44-B3BC-963E28B40A7E}.Release|Any CPU.Build.0 = Release|Any CPU
		{2E87B1DE-7053-41BD-AA1B-BC2E30B04FAA}.Debug|Any CPU.ActiveCfg = Debug|Any CPU
		{2E87B1DE-7053-41BD-AA1B-BC2E30B04FAA}.Debug|Any CPU.Build.0 = Debug|Any CPU
		{2E87B1DE-7053-41BD-AA1B-BC2E30B04FAA}.Release|Any CPU.ActiveCfg = Release|Any CPU
		{2E87B1DE-7053-41BD-AA1B-BC2E30B04FAA}.Release|Any CPU.Build.0 = Release|Any CPU
		{4BE89E25-CC91-44A9-AC14-A2F28BC7ABE4}.Debug|Any CPU.ActiveCfg = Debug|Any CPU
		{4BE89E25-CC91-44A9-AC14-A2F28BC7ABE4}.Debug|Any CPU.Build.0 = Debug|Any CPU
		{4BE89E25-CC91-44A9-AC14-A2F28BC7ABE4}.Release|Any CPU.ActiveCfg = Release|Any CPU
		{4BE89E25-CC91-44A9-AC14-A2F28BC7ABE4}.Release|Any CPU.Build.0 = Release|Any CPU
		{89E7E3DC-F6E3-434A-B7BC-BB7456001213}.Debug|Any CPU.ActiveCfg = Debug|Any CPU
		{89E7E3DC-F6E3-434A-B7BC-BB7456001213}.Debug|Any CPU.Build.0 = Debug|Any CPU
		{89E7E3DC-F6E3-434A-B7BC-BB7456001213}.Release|Any CPU.ActiveCfg = Release|Any CPU
		{89E7E3DC-F6E3-434A-B7BC-BB7456001213}.Release|Any CPU.Build.0 = Release|Any CPU
		{C4E9F8F8-0013-4537-8707-D5BEEA634DDA}.Debug|Any CPU.ActiveCfg = Debug|Any CPU
		{C4E9F8F8-0013-4537-8707-D5BEEA634DDA}.Debug|Any CPU.Build.0 = Debug|Any CPU
		{C4E9F8F8-0013-4537-8707-D5BEEA634DDA}.Release|Any CPU.ActiveCfg = Release|Any CPU
		{C4E9F8F8-0013-4537-8707-D5BEEA634DDA}.Release|Any CPU.Build.0 = Release|Any CPU
		{2E81030D-8A9E-47CC-8C3A-368A3F9D7DE8}.Debug|Any CPU.ActiveCfg = Debug|Any CPU
		{2E81030D-8A9E-47CC-8C3A-368A3F9D7DE8}.Debug|Any CPU.Build.0 = Debug|Any CPU
		{2E81030D-8A9E-47CC-8C3A-368A3F9D7DE8}.Release|Any CPU.ActiveCfg = Release|Any CPU
		{2E81030D-8A9E-47CC-8C3A-368A3F9D7DE8}.Release|Any CPU.Build.0 = Release|Any CPU
		{F810527F-335C-4B2A-9E63-0CAA2F72F00E}.Debug|Any CPU.ActiveCfg = Debug|Any CPU
		{F810527F-335C-4B2A-9E63-0CAA2F72F00E}.Debug|Any CPU.Build.0 = Debug|Any CPU
		{F810527F-335C-4B2A-9E63-0CAA2F72F00E}.Release|Any CPU.ActiveCfg = Release|Any CPU
		{F810527F-335C-4B2A-9E63-0CAA2F72F00E}.Release|Any CPU.Build.0 = Release|Any CPU
		{61A334A6-1B04-4972-8458-7A1388028B7A}.Debug|Any CPU.ActiveCfg = Debug|Any CPU
		{61A334A6-1B04-4972-8458-7A1388028B7A}.Debug|Any CPU.Build.0 = Debug|Any CPU
		{61A334A6-1B04-4972-8458-7A1388028B7A}.Release|Any CPU.ActiveCfg = Release|Any CPU
		{61A334A6-1B04-4972-8458-7A1388028B7A}.Release|Any CPU.Build.0 = Release|Any CPU
		{F159C099-CEEE-4710-B67C-75FB8EA0A293}.Debug|Any CPU.ActiveCfg = Debug|Any CPU
		{F159C099-CEEE-4710-B67C-75FB8EA0A293}.Debug|Any CPU.Build.0 = Debug|Any CPU
		{F159C099-CEEE-4710-B67C-75FB8EA0A293}.Release|Any CPU.ActiveCfg = Release|Any CPU
		{F159C099-CEEE-4710-B67C-75FB8EA0A293}.Release|Any CPU.Build.0 = Release|Any CPU
	EndGlobalSection
	GlobalSection(NestedProjects) = preSolution
		{D6E302F5-7A3D-4835-B517-D94DDEEA2A9B} = {AA46CF97-72C1-473E-AA96-46D557043AF1}
		{F0CD6938-8F8A-40D1-8100-1D13A3B3688F} = {D6E302F5-7A3D-4835-B517-D94DDEEA2A9B}
		{9888F7C6-66E6-4050-9BF0-FB919EE6EA84} = {F0CD6938-8F8A-40D1-8100-1D13A3B3688F}
		{536D81E8-D696-43F0-8920-2663FAB34F6E} = {AA46CF97-72C1-473E-AA96-46D557043AF1}
		{023F1B88-7B7A-44D3-92A4-DDC8C19FDDBA} = {536D81E8-D696-43F0-8920-2663FAB34F6E}
		{B41AAE80-5FA5-410B-A05F-7CB39F782EFA} = {023F1B88-7B7A-44D3-92A4-DDC8C19FDDBA}
		{A37EF584-DA70-4F2B-81EB-DDB6DBCE7AB8} = {023F1B88-7B7A-44D3-92A4-DDC8C19FDDBA}
		{8F4D28D5-87D0-46B1-9932-F7CB0159A31F} = {023F1B88-7B7A-44D3-92A4-DDC8C19FDDBA}
		{14B79BC3-FF3B-42E5-A580-A9329D0A6B76} = {023F1B88-7B7A-44D3-92A4-DDC8C19FDDBA}
		{AF1120C4-AE5A-4154-A294-8F09564E0669} = {023F1B88-7B7A-44D3-92A4-DDC8C19FDDBA}
		{EEA345D3-8267-4DD5-B49A-0039D08DCC04} = {536D81E8-D696-43F0-8920-2663FAB34F6E}
		{3FBF498F-44E4-4D5E-A762-92C5466C1679} = {EEA345D3-8267-4DD5-B49A-0039D08DCC04}
		{2260766C-E45E-4F6F-8389-1151CDE2C411} = {EEA345D3-8267-4DD5-B49A-0039D08DCC04}
		{698E62C1-E91E-43CE-AF42-A24420F6C2EE} = {EEA345D3-8267-4DD5-B49A-0039D08DCC04}
		{D532C7EC-4BBE-4ADC-9C93-C345F5427F22} = {EEA345D3-8267-4DD5-B49A-0039D08DCC04}
		{EAB70862-8888-4374-B437-9114AD1274CD} = {EEA345D3-8267-4DD5-B49A-0039D08DCC04}
		{F983A58E-E065-4DFC-91BB-F81A53D8293C} = {536D81E8-D696-43F0-8920-2663FAB34F6E}
		{2975BCBB-C6AD-4417-96BB-2264E1BC9B6D} = {F983A58E-E065-4DFC-91BB-F81A53D8293C}
		{E3AFB681-4C51-4E75-813B-AEFBA6079999} = {F983A58E-E065-4DFC-91BB-F81A53D8293C}
		{4D54E0B3-D29E-449F-A9DA-DFAB37EA83FC} = {F983A58E-E065-4DFC-91BB-F81A53D8293C}
		{9FAAC6CC-422F-4B44-B3BC-963E28B40A7E} = {F983A58E-E065-4DFC-91BB-F81A53D8293C}
		{2E87B1DE-7053-41BD-AA1B-BC2E30B04FAA} = {F983A58E-E065-4DFC-91BB-F81A53D8293C}
		{1F0C66ED-AD18-42E7-BAD1-3661BFFA923B} = {536D81E8-D696-43F0-8920-2663FAB34F6E}
		{4BE89E25-CC91-44A9-AC14-A2F28BC7ABE4} = {1F0C66ED-AD18-42E7-BAD1-3661BFFA923B}
		{89E7E3DC-F6E3-434A-B7BC-BB7456001213} = {1F0C66ED-AD18-42E7-BAD1-3661BFFA923B}
		{C4E9F8F8-0013-4537-8707-D5BEEA634DDA} = {1F0C66ED-AD18-42E7-BAD1-3661BFFA923B}
		{2E81030D-8A9E-47CC-8C3A-368A3F9D7DE8} = {1F0C66ED-AD18-42E7-BAD1-3661BFFA923B}
		{F810527F-335C-4B2A-9E63-0CAA2F72F00E} = {1F0C66ED-AD18-42E7-BAD1-3661BFFA923B}
		{7C1236AC-48C3-4743-B13E-863AFD825F77} = {AA46CF97-72C1-473E-AA96-46D557043AF1}
		{61A334A6-1B04-4972-8458-7A1388028B7A} = {7C1236AC-48C3-4743-B13E-863AFD825F77}
		{F159C099-CEEE-4710-B67C-75FB8EA0A293} = {7C1236AC-48C3-4743-B13E-863AFD825F77}
	EndGlobalSection
EndGlobal
