
Microsoft Visual Studio Solution File, Format Version 12.00
# Visual Studio Version 17
VisualStudioVersion = 17.0.31903.59
MinimumVisualStudioVersion = 10.0.40219.1
Project("{2150E333-8FDC-42A3-9474-1A3956D46DE8}") = "src", "src", "{DD2D89C3-BBA1-4087-80E6-8C0B52BD80E0}"
EndProject
Project("{FAE04EC0-301F-11D3-BF4B-00C04F79EFBC}") = "Umbral.Domain", "src\Umbral.Domain\Umbral.Domain.csproj", "{0DD82462-50B1-43FF-8F3F-D81D3C3B9A3C}"
EndProject
Project("{FAE04EC0-301F-11D3-BF4B-00C04F79EFBC}") = "Umbral.Application", "src\Umbral.Application\Umbral.Application.csproj", "{C1D15637-DF4C-49A2-AF72-DCB47694B311}"
EndProject
Project("{FAE04EC0-301F-11D3-BF4B-00C04F79EFBC}") = "Umbral.Infrastructure", "src\Umbral.Infrastructure\Umbral.Infrastructure.csproj", "{876CE261-010B-42AA-8E90-EA965B6C8776}"
EndProject
Project("{FAE04EC0-301F-11D3-BF4B-00C04F79EFBC}") = "Umbral.Api", "src\Umbral.Api\Umbral.Api.csproj", "{483257E6-7F91-446B-8007-5FFB7DD296C4}"
EndProject
Project("{2150E333-8FDC-42A3-9474-1A3956D46DE8}") = "tests", "tests", "{001EED00-9E72-4666-84EC-FC9558EC4D77}"
EndProject
Project("{FAE04EC0-301F-11D3-BF4B-00C04F79EFBC}") = "Umbral.UnitTests", "tests\Umbral.UnitTests\Umbral.UnitTests.csproj", "{8F02DCA0-7F6C-42B4-B2F6-9408DC5D8563}"
EndProject
Project("{FAE04EC0-301F-11D3-BF4B-00C04F79EFBC}") = "Umbral.IntegrationTests", "tests\Umbral.IntegrationTests\Umbral.IntegrationTests.csproj", "{EF23297E-4175-4EA7-A7F6-872417B9CC07}"
EndProject
Project("{FAE04EC0-301F-11D3-BF4B-00C04F79EFBC}") = "Umbral.E2ETests", "tests\Umbral.E2ETests\Umbral.E2ETests.csproj", "{EAC2C195-D979-44D2-8C1F-E0687E4BE302}"
EndProject
Global
	GlobalSection(SolutionConfigurationPlatforms) = preSolution
		Debug|Any CPU = Debug|Any CPU
		Release|Any CPU = Release|Any CPU
	EndGlobalSection
	GlobalSection(SolutionProperties) = preSolution
		HideSolutionNode = FALSE
	EndGlobalSection
	GlobalSection(ProjectConfigurationPlatforms) = postSolution
		{0DD82462-50B1-43FF-8F3F-D81D3C3B9A3C}.Debug|Any CPU.ActiveCfg = Debug|Any CPU
		{0DD82462-50B1-43FF-8F3F-D81D3C3B9A3C}.Debug|Any CPU.Build.0 = Debug|Any CPU
		{0DD82462-50B1-43FF-8F3F-D81D3C3B9A3C}.Release|Any CPU.ActiveCfg = Release|Any CPU
		{0DD82462-50B1-43FF-8F3F-D81D3C3B9A3C}.Release|Any CPU.Build.0 = Release|Any CPU
		{C1D15637-DF4C-49A2-AF72-DCB47694B311}.Debug|Any CPU.ActiveCfg = Debug|Any CPU
		{C1D15637-DF4C-49A2-AF72-DCB47694B311}.Debug|Any CPU.Build.0 = Debug|Any CPU
		{C1D15637-DF4C-49A2-AF72-DCB47694B311}.Release|Any CPU.ActiveCfg = Release|Any CPU
		{C1D15637-DF4C-49A2-AF72-DCB47694B311}.Release|Any CPU.Build.0 = Release|Any CPU
		{876CE261-010B-42AA-8E90-EA965B6C8776}.Debug|Any CPU.ActiveCfg = Debug|Any CPU
		{876CE261-010B-42AA-8E90-EA965B6C8776}.Debug|Any CPU.Build.0 = Debug|Any CPU
		{876CE261-010B-42AA-8E90-EA965B6C8776}.Release|Any CPU.ActiveCfg = Release|Any CPU
		{876CE261-010B-42AA-8E90-EA965B6C8776}.Release|Any CPU.Build.0 = Release|Any CPU
		{483257E6-7F91-446B-8007-5FFB7DD296C4}.Debug|Any CPU.ActiveCfg = Debug|Any CPU
		{483257E6-7F91-446B-8007-5FFB7DD296C4}.Debug|Any CPU.Build.0 = Debug|Any CPU
		{483257E6-7F91-446B-8007-5FFB7DD296C4}.Release|Any CPU.ActiveCfg = Release|Any CPU
		{483257E6-7F91-446B-8007-5FFB7DD296C4}.Release|Any CPU.Build.0 = Release|Any CPU
		{8F02DCA0-7F6C-42B4-B2F6-9408DC5D8563}.Debug|Any CPU.ActiveCfg = Debug|Any CPU
		{8F02DCA0-7F6C-42B4-B2F6-9408DC5D8563}.Debug|Any CPU.Build.0 = Debug|Any CPU
		{8F02DCA0-7F6C-42B4-B2F6-9408DC5D8563}.Release|Any CPU.ActiveCfg = Release|Any CPU
		{8F02DCA0-7F6C-42B4-B2F6-9408DC5D8563}.Release|Any CPU.Build.0 = Release|Any CPU
		{EF23297E-4175-4EA7-A7F6-872417B9CC07}.Debug|Any CPU.ActiveCfg = Debug|Any CPU
		{EF23297E-4175-4EA7-A7F6-872417B9CC07}.Debug|Any CPU.Build.0 = Debug|Any CPU
		{EF23297E-4175-4EA7-A7F6-872417B9CC07}.Release|Any CPU.ActiveCfg = Release|Any CPU
		{EF23297E-4175-4EA7-A7F6-872417B9CC07}.Release|Any CPU.Build.0 = Release|Any CPU
		{EAC2C195-D979-44D2-8C1F-E0687E4BE302}.Debug|Any CPU.ActiveCfg = Debug|Any CPU
		{EAC2C195-D979-44D2-8C1F-E0687E4BE302}.Debug|Any CPU.Build.0 = Debug|Any CPU
		{EAC2C195-D979-44D2-8C1F-E0687E4BE302}.Release|Any CPU.ActiveCfg = Release|Any CPU
		{EAC2C195-D979-44D2-8C1F-E0687E4BE302}.Release|Any CPU.Build.0 = Release|Any CPU
	EndGlobalSection
	GlobalSection(NestedProjects) = preSolution
		{0DD82462-50B1-43FF-8F3F-D81D3C3B9A3C} = {DD2D89C3-BBA1-4087-80E6-8C0B52BD80E0}
		{C1D15637-DF4C-49A2-AF72-DCB47694B311} = {DD2D89C3-BBA1-4087-80E6-8C0B52BD80E0}
		{876CE261-010B-42AA-8E90-EA965B6C8776} = {DD2D89C3-BBA1-4087-80E6-8C0B52BD80E0}
		{483257E6-7F91-446B-8007-5FFB7DD296C4} = {DD2D89C3-BBA1-4087-80E6-8C0B52BD80E0}
		{8F02DCA0-7F6C-42B4-B2F6-9408DC5D8563} = {001EED00-9E72-4666-84EC-FC9558EC4D77}
		{EF23297E-4175-4EA7-A7F6-872417B9CC07} = {001EED00-9E72-4666-84EC-FC9558EC4D77}
		{EAC2C195-D979-44D2-8C1F-E0687E4BE302} = {001EED00-9E72-4666-84EC-FC9558EC4D77}
	EndGlobalSection
EndGlobal
